
Microsoft Visual Studio Solution File, Format Version 12.00
# Visual Studio Version 17
VisualStudioVersion = 17.11.35208.52
MinimumVisualStudioVersion = 10.0.40219.1
Project("{FAE04EC0-301F-11D3-BF4B-00C04F79EFBC}") = "piedraPapelTijera", "piedraPapelTijera\piedraPapelTijera.csproj", "{F6536F43-88A5-4C4E-8533-E68D35FB4FC4}"
EndProject
Global
	GlobalSection(SolutionConfigurationPlatforms) = preSolution
		Debug|Any CPU = Debug|Any CPU
		Release|Any CPU = Release|Any CPU
	EndGlobalSection
	GlobalSection(ProjectConfigurationPlatforms) = postSolution
		{F6536F43-88A5-4C4E-8533-E68D35FB4FC4}.Debug|Any CPU.ActiveCfg = Debug|Any CPU
		{F6536F43-88A5-4C4E-8533-E68D35FB4FC4}.Debug|Any CPU.Build.0 = Debug|Any CPU
		{F6536F43-88A5-4C4E-8533-E68D35FB4FC4}.Release|Any CPU.ActiveCfg = Release|Any CPU
		{F6536F43-88A5-4C4E-8533-E68D35FB4FC4}.Release|Any CPU.Build.0 = Release|Any CPU
	EndGlobalSection
	GlobalSection(SolutionProperties) = preSolution
		HideSolutionNode = FALSE
	EndGlobalSection
	GlobalSection(ExtensibilityGlobals) = postSolution
		SolutionGuid = {31481F26-71F5-4EBE-9B8E-6BFC530B1F28}
	EndGlobalSection
EndGlobal
